
Microsoft Visual Studio Solution File, Format Version 12.00
# Visual Studio Version 16
VisualStudioVersion = 16.0.30002.166
MinimumVisualStudioVersion = 10.0.40219.1
Project("{9A19103F-16F7-4668-BE54-9A1E7A4F7556}") = "WFw", "WFw\WFw.csproj", "{AC61B33F-C246-46C5-98F6-E993D9AB55F1}"
EndProject
Project("{9A19103F-16F7-4668-BE54-9A1E7A4F7556}") = "WFw.SqlSugar", "WFw.SqlSugar\WFw.SqlSugar.csproj", "{A8BCD29E-876F-49A9-8C7C-07BB283532E3}"
EndProject
Project("{9A19103F-16F7-4668-BE54-9A1E7A4F7556}") = "WFw.MemoryCache", "WFw.MemoryCache\WFw.MemoryCache.csproj", "{7FED55A4-4BC1-45DC-BED7-319A3B091254}"
EndProject
Project("{9A19103F-16F7-4668-BE54-9A1E7A4F7556}") = "Example", "Example\Example.csproj", "{494E3D92-9E10-48F3-9973-BD2C71088A7B}"
EndProject
Project("{9A19103F-16F7-4668-BE54-9A1E7A4F7556}") = "WFw.Http", "WFw.Http\WFw.Http.csproj", "{8783D4F3-87D5-4E16-B521-FC00179D481E}"
EndProject
Global
	GlobalSection(SolutionConfigurationPlatforms) = preSolution
		Debug|Any CPU = Debug|Any CPU
		Release|Any CPU = Release|Any CPU
	EndGlobalSection
	GlobalSection(ProjectConfigurationPlatforms) = postSolution
		{AC61B33F-C246-46C5-98F6-E993D9AB55F1}.Debug|Any CPU.ActiveCfg = Debug|Any CPU
		{AC61B33F-C246-46C5-98F6-E993D9AB55F1}.Debug|Any CPU.Build.0 = Debug|Any CPU
		{AC61B33F-C246-46C5-98F6-E993D9AB55F1}.Release|Any CPU.ActiveCfg = Release|Any CPU
		{AC61B33F-C246-46C5-98F6-E993D9AB55F1}.Release|Any CPU.Build.0 = Release|Any CPU
		{A8BCD29E-876F-49A9-8C7C-07BB283532E3}.Debug|Any CPU.ActiveCfg = Debug|Any CPU
		{A8BCD29E-876F-49A9-8C7C-07BB283532E3}.Debug|Any CPU.Build.0 = Debug|Any CPU
		{A8BCD29E-876F-49A9-8C7C-07BB283532E3}.Release|Any CPU.ActiveCfg = Release|Any CPU
		{A8BCD29E-876F-49A9-8C7C-07BB283532E3}.Release|Any CPU.Build.0 = Release|Any CPU
		{7FED55A4-4BC1-45DC-BED7-319A3B091254}.Debug|Any CPU.ActiveCfg = Debug|Any CPU
		{7FED55A4-4BC1-45DC-BED7-319A3B091254}.Debug|Any CPU.Build.0 = Debug|Any CPU
		{7FED55A4-4BC1-45DC-BED7-319A3B091254}.Release|Any CPU.ActiveCfg = Release|Any CPU
		{7FED55A4-4BC1-45DC-BED7-319A3B091254}.Release|Any CPU.Build.0 = Release|Any CPU
		{494E3D92-9E10-48F3-9973-BD2C71088A7B}.Debug|Any CPU.ActiveCfg = Debug|Any CPU
		{494E3D92-9E10-48F3-9973-BD2C71088A7B}.Debug|Any CPU.Build.0 = Debug|Any CPU
		{494E3D92-9E10-48F3-9973-BD2C71088A7B}.Release|Any CPU.ActiveCfg = Release|Any CPU
		{494E3D92-9E10-48F3-9973-BD2C71088A7B}.Release|Any CPU.Build.0 = Release|Any CPU
		{8783D4F3-87D5-4E16-B521-FC00179D481E}.Debug|Any CPU.ActiveCfg = Debug|Any CPU
		{8783D4F3-87D5-4E16-B521-FC00179D481E}.Debug|Any CPU.Build.0 = Debug|Any CPU
		{8783D4F3-87D5-4E16-B521-FC00179D481E}.Release|Any CPU.ActiveCfg = Release|Any CPU
		{8783D4F3-87D5-4E16-B521-FC00179D481E}.Release|Any CPU.Build.0 = Release|Any CPU
	EndGlobalSection
	GlobalSection(SolutionProperties) = preSolution
		HideSolutionNode = FALSE
	EndGlobalSection
	GlobalSection(ExtensibilityGlobals) = postSolution
		SolutionGuid = {D089A88A-BA4A-4384-84EA-4BBB3233ED66}
	EndGlobalSection
EndGlobal
